// !$*UTF8*$!
{
	archiveVersion = 1;
	classes = {
	};
	objectVersion = 46;
	objects = {

/* Begin PBXBuildFile section */
		F93540CA1B38E55C0088B085 /* TableViewController.swift in Sources */ = {isa = PBXBuildFile; fileRef = F93540C91B38E55C0088B085 /* TableViewController.swift */; };
		F93540CC1B3915060088B085 /* cutiePieKevin.jpg in Resources */ = {isa = PBXBuildFile; fileRef = F93540CB1B3915060088B085 /* cutiePieKevin.jpg */; };
		F93540CE1B3916AC0088B085 /* PostImageViewController.swift in Sources */ = {isa = PBXBuildFile; fileRef = F93540CD1B3916AC0088B085 /* PostImageViewController.swift */; };
		F93540D01B392BAC0088B085 /* ImageCell.swift in Sources */ = {isa = PBXBuildFile; fileRef = F93540CF1B392BAC0088B085 /* ImageCell.swift */; };
		F93540D21B392D340088B085 /* FeedTableViewController.swift in Sources */ = {isa = PBXBuildFile; fileRef = F93540D11B392D340088B085 /* FeedTableViewController.swift */; };
		F96E985B1B375F8300E45990 /* AppDelegate.swift in Sources */ = {isa = PBXBuildFile; fileRef = F96E985A1B375F8300E45990 /* AppDelegate.swift */; };
		F96E985D1B375F8300E45990 /* ViewController.swift in Sources */ = {isa = PBXBuildFile; fileRef = F96E985C1B375F8300E45990 /* ViewController.swift */; };
		F96E98601B375F8300E45990 /* Main.storyboard in Resources */ = {isa = PBXBuildFile; fileRef = F96E985E1B375F8300E45990 /* Main.storyboard */; };
		F96E98621B375F8300E45990 /* Images.xcassets in Resources */ = {isa = PBXBuildFile; fileRef = F96E98611B375F8300E45990 /* Images.xcassets */; };
		F96E98651B375F8300E45990 /* LaunchScreen.xib in Resources */ = {isa = PBXBuildFile; fileRef = F96E98631B375F8300E45990 /* LaunchScreen.xib */; };
		F96E98711B375F8300E45990 /* InstagramTests.swift in Sources */ = {isa = PBXBuildFile; fileRef = F96E98701B375F8300E45990 /* InstagramTests.swift */; };
		F96E987C1B375FEF00E45990 /* Bolts.framework in Frameworks */ = {isa = PBXBuildFile; fileRef = F96E987A1B375FEF00E45990 /* Bolts.framework */; };
		F96E987D1B375FEF00E45990 /* Parse.framework in Frameworks */ = {isa = PBXBuildFile; fileRef = F96E987B1B375FEF00E45990 /* Parse.framework */; };
		F96E98811B37603100E45990 /* AudioToolbox.framework in Frameworks */ = {isa = PBXBuildFile; fileRef = F96E98801B37603100E45990 /* AudioToolbox.framework */; };
		F96E98831B37603900E45990 /* CFNetwork.framework in Frameworks */ = {isa = PBXBuildFile; fileRef = F96E98821B37603900E45990 /* CFNetwork.framework */; };
		F96E98851B37607000E45990 /* CoreGraphics.framework in Frameworks */ = {isa = PBXBuildFile; fileRef = F96E98841B37606F00E45990 /* CoreGraphics.framework */; };
		F96E98871B37607600E45990 /* CoreLocation.framework in Frameworks */ = {isa = PBXBuildFile; fileRef = F96E98861B37607600E45990 /* CoreLocation.framework */; };
		F96E98891B37607C00E45990 /* MobileCoreServices.framework in Frameworks */ = {isa = PBXBuildFile; fileRef = F96E98881B37607C00E45990 /* MobileCoreServices.framework */; };
		F96E988B1B37608100E45990 /* QuartzCore.framework in Frameworks */ = {isa = PBXBuildFile; fileRef = F96E988A1B37608100E45990 /* QuartzCore.framework */; };
		F96E988D1B37608700E45990 /* Security.framework in Frameworks */ = {isa = PBXBuildFile; fileRef = F96E988C1B37608700E45990 /* Security.framework */; };
		F96E988F1B37608D00E45990 /* StoreKit.framework in Frameworks */ = {isa = PBXBuildFile; fileRef = F96E988E1B37608D00E45990 /* StoreKit.framework */; };
		F96E98911B37609200E45990 /* SystemConfiguration.framework in Frameworks */ = {isa = PBXBuildFile; fileRef = F96E98901B37609200E45990 /* SystemConfiguration.framework */; };
		F96E98931B37609800E45990 /* libz.dylib in Frameworks */ = {isa = PBXBuildFile; fileRef = F96E98921B37609800E45990 /* libz.dylib */; };
		F96E98951B37609E00E45990 /* libsqlite3.dylib in Frameworks */ = {isa = PBXBuildFile; fileRef = F96E98941B37609E00E45990 /* libsqlite3.dylib */; };
		F96E98981B37855200E45990 /* AppKey.swift in Sources */ = {isa = PBXBuildFile; fileRef = F96E98971B37855200E45990 /* AppKey.swift */; };
/* End PBXBuildFile section */

/* Begin PBXContainerItemProxy section */
		F96E986B1B375F8300E45990 /* PBXContainerItemProxy */ = {
			isa = PBXContainerItemProxy;
			containerPortal = F96E984D1B375F8300E45990 /* Project object */;
			proxyType = 1;
			remoteGlobalIDString = F96E98541B375F8300E45990;
			remoteInfo = Instagram;
		};
/* End PBXContainerItemProxy section */

/* Begin PBXFileReference section */
		F93540C91B38E55C0088B085 /* TableViewController.swift */ = {isa = PBXFileReference; fileEncoding = 4; lastKnownFileType = sourcecode.swift; path = TableViewController.swift; sourceTree = "<group>"; };
		F93540CB1B3915060088B085 /* cutiePieKevin.jpg */ = {isa = PBXFileReference; lastKnownFileType = image.jpeg; path = cutiePieKevin.jpg; sourceTree = "<group>"; };
		F93540CD1B3916AC0088B085 /* PostImageViewController.swift */ = {isa = PBXFileReference; fileEncoding = 4; lastKnownFileType = sourcecode.swift; path = PostImageViewController.swift; sourceTree = "<group>"; };
		F93540CF1B392BAC0088B085 /* ImageCell.swift */ = {isa = PBXFileReference; fileEncoding = 4; lastKnownFileType = sourcecode.swift; path = ImageCell.swift; sourceTree = "<group>"; };
		F93540D11B392D340088B085 /* FeedTableViewController.swift */ = {isa = PBXFileReference; fileEncoding = 4; lastKnownFileType = sourcecode.swift; path = FeedTableViewController.swift; sourceTree = "<group>"; };
		F96E98551B375F8300E45990 /* Instagram.app */ = {isa = PBXFileReference; explicitFileType = wrapper.application; includeInIndex = 0; path = Instagram.app; sourceTree = BUILT_PRODUCTS_DIR; };
		F96E98591B375F8300E45990 /* Info.plist */ = {isa = PBXFileReference; lastKnownFileType = text.plist.xml; path = Info.plist; sourceTree = "<group>"; };
		F96E985A1B375F8300E45990 /* AppDelegate.swift */ = {isa = PBXFileReference; lastKnownFileType = sourcecode.swift; path = AppDelegate.swift; sourceTree = "<group>"; };
		F96E985C1B375F8300E45990 /* ViewController.swift */ = {isa = PBXFileReference; lastKnownFileType = sourcecode.swift; path = ViewController.swift; sourceTree = "<group>"; };
		F96E985F1B375F8300E45990 /* Base */ = {isa = PBXFileReference; lastKnownFileType = file.storyboard; name = Base; path = Base.lproj/Main.storyboard; sourceTree = "<group>"; };
		F96E98611B375F8300E45990 /* Images.xcassets */ = {isa = PBXFileReference; lastKnownFileType = folder.assetcatalog; path = Images.xcassets; sourceTree = "<group>"; };
		F96E98641B375F8300E45990 /* Base */ = {isa = PBXFileReference; lastKnownFileType = file.xib; name = Base; path = Base.lproj/LaunchScreen.xib; sourceTree = "<group>"; };
		F96E986A1B375F8300E45990 /* InstagramTests.xctest */ = {isa = PBXFileReference; explicitFileType = wrapper.cfbundle; includeInIndex = 0; path = InstagramTests.xctest; sourceTree = BUILT_PRODUCTS_DIR; };
		F96E986F1B375F8300E45990 /* Info.plist */ = {isa = PBXFileReference; lastKnownFileType = text.plist.xml; path = Info.plist; sourceTree = "<group>"; };
		F96E98701B375F8300E45990 /* InstagramTests.swift */ = {isa = PBXFileReference; lastKnownFileType = sourcecode.swift; path = InstagramTests.swift; sourceTree = "<group>"; };
		F96E987A1B375FEF00E45990 /* Bolts.framework */ = {isa = PBXFileReference; lastKnownFileType = wrapper.framework; name = Bolts.framework; path = Instagram/Bolts.framework; sourceTree = "<group>"; };
		F96E987B1B375FEF00E45990 /* Parse.framework */ = {isa = PBXFileReference; lastKnownFileType = wrapper.framework; name = Parse.framework; path = Instagram/Parse.framework; sourceTree = "<group>"; };
		F96E98801B37603100E45990 /* AudioToolbox.framework */ = {isa = PBXFileReference; lastKnownFileType = wrapper.framework; name = AudioToolbox.framework; path = System/Library/Frameworks/AudioToolbox.framework; sourceTree = SDKROOT; };
		F96E98821B37603900E45990 /* CFNetwork.framework */ = {isa = PBXFileReference; lastKnownFileType = wrapper.framework; name = CFNetwork.framework; path = System/Library/Frameworks/CFNetwork.framework; sourceTree = SDKROOT; };
		F96E98841B37606F00E45990 /* CoreGraphics.framework */ = {isa = PBXFileReference; lastKnownFileType = wrapper.framework; name = CoreGraphics.framework; path = System/Library/Frameworks/CoreGraphics.framework; sourceTree = SDKROOT; };
		F96E98861B37607600E45990 /* CoreLocation.framework */ = {isa = PBXFileReference; lastKnownFileType = wrapper.framework; name = CoreLocation.framework; path = System/Library/Frameworks/CoreLocation.framework; sourceTree = SDKROOT; };
		F96E98881B37607C00E45990 /* MobileCoreServices.framework */ = {isa = PBXFileReference; lastKnownFileType = wrapper.framework; name = MobileCoreServices.framework; path = System/Library/Frameworks/MobileCoreServices.framework; sourceTree = SDKROOT; };
		F96E988A1B37608100E45990 /* QuartzCore.framework */ = {isa = PBXFileReference; lastKnownFileType = wrapper.framework; name = QuartzCore.framework; path = System/Library/Frameworks/QuartzCore.framework; sourceTree = SDKROOT; };
		F96E988C1B37608700E45990 /* Security.framework */ = {isa = PBXFileReference; lastKnownFileType = wrapper.framework; name = Security.framework; path = System/Library/Frameworks/Security.framework; sourceTree = SDKROOT; };
		F96E988E1B37608D00E45990 /* StoreKit.framework */ = {isa = PBXFileReference; lastKnownFileType = wrapper.framework; name = StoreKit.framework; path = System/Library/Frameworks/StoreKit.framework; sourceTree = SDKROOT; };
		F96E98901B37609200E45990 /* SystemConfiguration.framework */ = {isa = PBXFileReference; lastKnownFileType = wrapper.framework; name = SystemConfiguration.framework; path = System/Library/Frameworks/SystemConfiguration.framework; sourceTree = SDKROOT; };
		F96E98921B37609800E45990 /* libz.dylib */ = {isa = PBXFileReference; lastKnownFileType = "compiled.mach-o.dylib"; name = libz.dylib; path = usr/lib/libz.dylib; sourceTree = SDKROOT; };
		F96E98941B37609E00E45990 /* libsqlite3.dylib */ = {isa = PBXFileReference; lastKnownFileType = "compiled.mach-o.dylib"; name = libsqlite3.dylib; path = usr/lib/libsqlite3.dylib; sourceTree = SDKROOT; };
		F96E98971B37855200E45990 /* AppKey.swift */ = {isa = PBXFileReference; fileEncoding = 4; lastKnownFileType = sourcecode.swift; path = AppKey.swift; sourceTree = "<group>"; };
/* End PBXFileReference section */

/* Begin PBXFrameworksBuildPhase section */
		F96E98521B375F8300E45990 /* Frameworks */ = {
			isa = PBXFrameworksBuildPhase;
			buildActionMask = 2147483647;
			files = (
				F96E98951B37609E00E45990 /* libsqlite3.dylib in Frameworks */,
				F96E98931B37609800E45990 /* libz.dylib in Frameworks */,
				F96E98911B37609200E45990 /* SystemConfiguration.framework in Frameworks */,
				F96E988F1B37608D00E45990 /* StoreKit.framework in Frameworks */,
				F96E988D1B37608700E45990 /* Security.framework in Frameworks */,
				F96E988B1B37608100E45990 /* QuartzCore.framework in Frameworks */,
				F96E98891B37607C00E45990 /* MobileCoreServices.framework in Frameworks */,
				F96E98871B37607600E45990 /* CoreLocation.framework in Frameworks */,
				F96E98851B37607000E45990 /* CoreGraphics.framework in Frameworks */,
				F96E98831B37603900E45990 /* CFNetwork.framework in Frameworks */,
				F96E98811B37603100E45990 /* AudioToolbox.framework in Frameworks */,
				F96E987D1B375FEF00E45990 /* Parse.framework in Frameworks */,
				F96E987C1B375FEF00E45990 /* Bolts.framework in Frameworks */,
			);
			runOnlyForDeploymentPostprocessing = 0;
		};
		F96E98671B375F8300E45990 /* Frameworks */ = {
			isa = PBXFrameworksBuildPhase;
			buildActionMask = 2147483647;
			files = (
			);
			runOnlyForDeploymentPostprocessing = 0;
		};
/* End PBXFrameworksBuildPhase section */

/* Begin PBXGroup section */
		F96E984C1B375F8300E45990 = {
			isa = PBXGroup;
			children = (
				F96E987F1B37600800E45990 /* Frameworks */,
				F96E98571B375F8300E45990 /* Instagram */,
				F96E986D1B375F8300E45990 /* InstagramTests */,
				F96E98561B375F8300E45990 /* Products */,
			);
			sourceTree = "<group>";
		};
		F96E98561B375F8300E45990 /* Products */ = {
			isa = PBXGroup;
			children = (
				F96E98551B375F8300E45990 /* Instagram.app */,
				F96E986A1B375F8300E45990 /* InstagramTests.xctest */,
			);
			name = Products;
			sourceTree = "<group>";
		};
		F96E98571B375F8300E45990 /* Instagram */ = {
			isa = PBXGroup;
			children = (
				F96E985A1B375F8300E45990 /* AppDelegate.swift */,
				F96E98971B37855200E45990 /* AppKey.swift */,
				F96E985C1B375F8300E45990 /* ViewController.swift */,
				F93540C91B38E55C0088B085 /* TableViewController.swift */,
				F96E985E1B375F8300E45990 /* Main.storyboard */,
				F93540D11B392D340088B085 /* FeedTableViewController.swift */,
				F93540CF1B392BAC0088B085 /* ImageCell.swift */,
				F93540CD1B3916AC0088B085 /* PostImageViewController.swift */,
				F93540CB1B3915060088B085 /* cutiePieKevin.jpg */,
				F96E98611B375F8300E45990 /* Images.xcassets */,
				F96E98631B375F8300E45990 /* LaunchScreen.xib */,
				F96E98581B375F8300E45990 /* Supporting Files */,
			);
			path = Instagram;
			sourceTree = "<group>";
		};
		F96E98581B375F8300E45990 /* Supporting Files */ = {
			isa = PBXGroup;
			children = (
				F96E98591B375F8300E45990 /* Info.plist */,
			);
			name = "Supporting Files";
			sourceTree = "<group>";
		};
		F96E986D1B375F8300E45990 /* InstagramTests */ = {
			isa = PBXGroup;
			children = (
				F96E98701B375F8300E45990 /* InstagramTests.swift */,
				F96E986E1B375F8300E45990 /* Supporting Files */,
			);
			path = InstagramTests;
			sourceTree = "<group>";
		};
		F96E986E1B375F8300E45990 /* Supporting Files */ = {
			isa = PBXGroup;
			children = (
				F96E986F1B375F8300E45990 /* Info.plist */,
			);
			name = "Supporting Files";
			sourceTree = "<group>";
		};
		F96E987F1B37600800E45990 /* Frameworks */ = {
			isa = PBXGroup;
			children = (
				F96E98941B37609E00E45990 /* libsqlite3.dylib */,
				F96E98921B37609800E45990 /* libz.dylib */,
				F96E98901B37609200E45990 /* SystemConfiguration.framework */,
				F96E988E1B37608D00E45990 /* StoreKit.framework */,
				F96E988C1B37608700E45990 /* Security.framework */,
				F96E988A1B37608100E45990 /* QuartzCore.framework */,
				F96E98881B37607C00E45990 /* MobileCoreServices.framework */,
				F96E98861B37607600E45990 /* CoreLocation.framework */,
				F96E98841B37606F00E45990 /* CoreGraphics.framework */,
				F96E98821B37603900E45990 /* CFNetwork.framework */,
				F96E98801B37603100E45990 /* AudioToolbox.framework */,
				F96E987A1B375FEF00E45990 /* Bolts.framework */,
				F96E987B1B375FEF00E45990 /* Parse.framework */,
			);
			name = Frameworks;
			sourceTree = "<group>";
		};
/* End PBXGroup section */

/* Begin PBXNativeTarget section */
		F96E98541B375F8300E45990 /* Instagram */ = {
			isa = PBXNativeTarget;
			buildConfigurationList = F96E98741B375F8300E45990 /* Build configuration list for PBXNativeTarget "Instagram" */;
			buildPhases = (
				F96E98511B375F8300E45990 /* Sources */,
				F96E98521B375F8300E45990 /* Frameworks */,
				F96E98531B375F8300E45990 /* Resources */,
			);
			buildRules = (
			);
			dependencies = (
			);
			name = Instagram;
			productName = Instagram;
			productReference = F96E98551B375F8300E45990 /* Instagram.app */;
			productType = "com.apple.product-type.application";
		};
		F96E98691B375F8300E45990 /* InstagramTests */ = {
			isa = PBXNativeTarget;
			buildConfigurationList = F96E98771B375F8300E45990 /* Build configuration list for PBXNativeTarget "InstagramTests" */;
			buildPhases = (
				F96E98661B375F8300E45990 /* Sources */,
				F96E98671B375F8300E45990 /* Frameworks */,
				F96E98681B375F8300E45990 /* Resources */,
			);
			buildRules = (
			);
			dependencies = (
				F96E986C1B375F8300E45990 /* PBXTargetDependency */,
			);
			name = InstagramTests;
			productName = InstagramTests;
			productReference = F96E986A1B375F8300E45990 /* InstagramTests.xctest */;
			productType = "com.apple.product-type.bundle.unit-test";
		};
/* End PBXNativeTarget section */

/* Begin PBXProject section */
		F96E984D1B375F8300E45990 /* Project object */ = {
			isa = PBXProject;
			attributes = {
				LastUpgradeCheck = 0630;
				ORGANIZATIONNAME = "Vinguh Industries";
				TargetAttributes = {
					F96E98541B375F8300E45990 = {
						CreatedOnToolsVersion = 6.3.2;
					};
					F96E98691B375F8300E45990 = {
						CreatedOnToolsVersion = 6.3.2;
						TestTargetID = F96E98541B375F8300E45990;
					};
				};
			};
			buildConfigurationList = F96E98501B375F8300E45990 /* Build configuration list for PBXProject "Instagram" */;
			compatibilityVersion = "Xcode 3.2";
			developmentRegion = English;
			hasScannedForEncodings = 0;
			knownRegions = (
				en,
				Base,
			);
			mainGroup = F96E984C1B375F8300E45990;
			productRefGroup = F96E98561B375F8300E45990 /* Products */;
			projectDirPath = "";
			projectRoot = "";
			targets = (
				F96E98541B375F8300E45990 /* Instagram */,
				F96E98691B375F8300E45990 /* InstagramTests */,
			);
		};
/* End PBXProject section */

/* Begin PBXResourcesBuildPhase section */
		F96E98531B375F8300E45990 /* Resources */ = {
			isa = PBXResourcesBuildPhase;
			buildActionMask = 2147483647;
			files = (
				F96E98601B375F8300E45990 /* Main.storyboard in Resources */,
				F93540CC1B3915060088B085 /* cutiePieKevin.jpg in Resources */,
				F96E98651B375F8300E45990 /* LaunchScreen.xib in Resources */,
				F96E98621B375F8300E45990 /* Images.xcassets in Resources */,
			);
			runOnlyForDeploymentPostprocessing = 0;
		};
		F96E98681B375F8300E45990 /* Resources */ = {
			isa = PBXResourcesBuildPhase;
			buildActionMask = 2147483647;
			files = (
			);
			runOnlyForDeploymentPostprocessing = 0;
		};
/* End PBXResourcesBuildPhase section */

/* Begin PBXSourcesBuildPhase section */
		F96E98511B375F8300E45990 /* Sources */ = {
			isa = PBXSourcesBuildPhase;
			buildActionMask = 2147483647;
			files = (
				F93540CE1B3916AC0088B085 /* PostImageViewController.swift in Sources */,
				F96E985D1B375F8300E45990 /* ViewController.swift in Sources */,
				F96E98981B37855200E45990 /* AppKey.swift in Sources */,
				F93540D21B392D340088B085 /* FeedTableViewController.swift in Sources */,
				F96E985B1B375F8300E45990 /* AppDelegate.swift in Sources */,
				F93540CA1B38E55C0088B085 /* TableViewController.swift in Sources */,
				F93540D01B392BAC0088B085 /* ImageCell.swift in Sources */,
			);
			runOnlyForDeploymentPostprocessing = 0;
		};
		F96E98661B375F8300E45990 /* Sources */ = {
			isa = PBXSourcesBuildPhase;
			buildActionMask = 2147483647;
			files = (
				F96E98711B375F8300E45990 /* InstagramTests.swift in Sources */,
			);
			runOnlyForDeploymentPostprocessing = 0;
		};
/* End PBXSourcesBuildPhase section */

/* Begin PBXTargetDependency section */
		F96E986C1B375F8300E45990 /* PBXTargetDependency */ = {
			isa = PBXTargetDependency;
			target = F96E98541B375F8300E45990 /* Instagram */;
			targetProxy = F96E986B1B375F8300E45990 /* PBXContainerItemProxy */;
		};
/* End PBXTargetDependency section */

/* Begin PBXVariantGroup section */
		F96E985E1B375F8300E45990 /* Main.storyboard */ = {
			isa = PBXVariantGroup;
			children = (
				F96E985F1B375F8300E45990 /* Base */,
			);
			name = Main.storyboard;
			sourceTree = "<group>";
		};
		F96E98631B375F8300E45990 /* LaunchScreen.xib */ = {
			isa = PBXVariantGroup;
			children = (
				F96E98641B375F8300E45990 /* Base */,
			);
			name = LaunchScreen.xib;
			sourceTree = "<group>";
		};
/* End PBXVariantGroup section */

/* Begin XCBuildConfiguration section */
		F96E98721B375F8300E45990 /* Debug */ = {
			isa = XCBuildConfiguration;
			buildSettings = {
				ALWAYS_SEARCH_USER_PATHS = NO;
				CLANG_CXX_LANGUAGE_STANDARD = "gnu++0x";
				CLANG_CXX_LIBRARY = "libc++";
				CLANG_ENABLE_MODULES = YES;
				CLANG_ENABLE_OBJC_ARC = YES;
				CLANG_WARN_BOOL_CONVERSION = YES;
				CLANG_WARN_CONSTANT_CONVERSION = YES;
				CLANG_WARN_DIRECT_OBJC_ISA_USAGE = YES_ERROR;
				CLANG_WARN_EMPTY_BODY = YES;
				CLANG_WARN_ENUM_CONVERSION = YES;
				CLANG_WARN_INT_CONVERSION = YES;
				CLANG_WARN_OBJC_ROOT_CLASS = YES_ERROR;
				CLANG_WARN_UNREACHABLE_CODE = YES;
				CLANG_WARN__DUPLICATE_METHOD_MATCH = YES;
				"CODE_SIGN_IDENTITY[sdk=iphoneos*]" = "iPhone Developer";
				COPY_PHASE_STRIP = NO;
				DEBUG_INFORMATION_FORMAT = "dwarf-with-dsym";
				ENABLE_STRICT_OBJC_MSGSEND = YES;
				GCC_C_LANGUAGE_STANDARD = gnu99;
				GCC_DYNAMIC_NO_PIC = NO;
				GCC_NO_COMMON_BLOCKS = YES;
				GCC_OPTIMIZATION_LEVEL = 0;
				GCC_PREPROCESSOR_DEFINITIONS = (
					"DEBUG=1",
					"$(inherited)",
				);
				GCC_SYMBOLS_PRIVATE_EXTERN = NO;
				GCC_WARN_64_TO_32_BIT_CONVERSION = YES;
				GCC_WARN_ABOUT_RETURN_TYPE = YES_ERROR;
				GCC_WARN_UNDECLARED_SELECTOR = YES;
				GCC_WARN_UNINITIALIZED_AUTOS = YES_AGGRESSIVE;
				GCC_WARN_UNUSED_FUNCTION = YES;
				GCC_WARN_UNUSED_VARIABLE = YES;
				IPHONEOS_DEPLOYMENT_TARGET = 8.3;
				MTL_ENABLE_DEBUG_INFO = YES;
				ONLY_ACTIVE_ARCH = YES;
				SDKROOT = iphoneos;
				SWIFT_OPTIMIZATION_LEVEL = "-Onone";
			};
			name = Debug;
		};
		F96E98731B375F8300E45990 /* Release */ = {
			isa = XCBuildConfiguration;
			buildSettings = {
				ALWAYS_SEARCH_USER_PATHS = NO;
				CLANG_CXX_LANGUAGE_STANDARD = "gnu++0x";
				CLANG_CXX_LIBRARY = "libc++";
				CLANG_ENABLE_MODULES = YES;
				CLANG_ENABLE_OBJC_ARC = YES;
				CLANG_WARN_BOOL_CONVERSION = YES;
				CLANG_WARN_CONSTANT_CONVERSION = YES;
				CLANG_WARN_DIRECT_OBJC_ISA_USAGE = YES_ERROR;
				CLANG_WARN_EMPTY_BODY = YES;
				CLANG_WARN_ENUM_CONVERSION = YES;
				CLANG_WARN_INT_CONVERSION = YES;
				CLANG_WARN_OBJC_ROOT_CLASS = YES_ERROR;
				CLANG_WARN_UNREACHABLE_CODE = YES;
				CLANG_WARN__DUPLICATE_METHOD_MATCH = YES;
				"CODE_SIGN_IDENTITY[sdk=iphoneos*]" = "iPhone Developer";
				COPY_PHASE_STRIP = NO;
				DEBUG_INFORMATION_FORMAT = "dwarf-with-dsym";
				ENABLE_NS_ASSERTIONS = NO;
				ENABLE_STRICT_OBJC_MSGSEND = YES;
				GCC_C_LANGUAGE_STANDARD = gnu99;
				GCC_NO_COMMON_BLOCKS = YES;
				GCC_WARN_64_TO_32_BIT_CONVERSION = YES;
				GCC_WARN_ABOUT_RETURN_TYPE = YES_ERROR;
				GCC_WARN_UNDECLARED_SELECTOR = YES;
				GCC_WARN_UNINITIALIZED_AUTOS = YES_AGGRESSIVE;
				GCC_WARN_UNUSED_FUNCTION = YES;
				GCC_WARN_UNUSED_VARIABLE = YES;
				IPHONEOS_DEPLOYMENT_TARGET = 8.3;
				MTL_ENABLE_DEBUG_INFO = NO;
				SDKROOT = iphoneos;
				VALIDATE_PRODUCT = YES;
			};
			name = Release;
		};
		F96E98751B375F8300E45990 /* Debug */ = {
			isa = XCBuildConfiguration;
			buildSettings = {
				ASSETCATALOG_COMPILER_APPICON_NAME = AppIcon;
				FRAMEWORK_SEARCH_PATHS = (
					"$(inherited)",
					"$(PROJECT_DIR)/Instagram",
				);
				INFOPLIST_FILE = Instagram/Info.plist;
				LD_RUNPATH_SEARCH_PATHS = "$(inherited) @executable_path/Frameworks";
				PRODUCT_NAME = "$(TARGET_NAME)";
			};
			name = Debug;
		};
		F96E98761B375F8300E45990 /* Release */ = {
			isa = XCBuildConfiguration;
			buildSettings = {
				ASSETCATALOG_COMPILER_APPICON_NAME = AppIcon;
				FRAMEWORK_SEARCH_PATHS = (
					"$(inherited)",
					"$(PROJECT_DIR)/Instagram",
				);
				INFOPLIST_FILE = Instagram/Info.plist;
				LD_RUNPATH_SEARCH_PATHS = "$(inherited) @executable_path/Frameworks";
				PRODUCT_NAME = "$(TARGET_NAME)";
			};
			name = Release;
		};
		F96E98781B375F8300E45990 /* Debug */ = {
			isa = XCBuildConfiguration;
			buildSettings = {
				BUNDLE_LOADER = "$(TEST_HOST)";
				FRAMEWORK_SEARCH_PATHS = (
					"$(SDKROOT)/Developer/Library/Frameworks",
					"$(inherited)",
				);
				GCC_PREPROCESSOR_DEFINITIONS = (
					"DEBUG=1",
					"$(inherited)",
				);
				INFOPLIST_FILE = InstagramTests/Info.plist;
				LD_RUNPATH_SEARCH_PATHS = "$(inherited) @executable_path/Frameworks @loader_path/Frameworks";
				PRODUCT_NAME = "$(TARGET_NAME)";
				TEST_HOST = "$(BUILT_PRODUCTS_DIR)/Instagram.app/Instagram";
			};
			name = Debug;
		};
		F96E98791B375F8300E45990 /* Release */ = {
			isa = XCBuildConfiguration;
			buildSettings = {
				BUNDLE_LOADER = "$(TEST_HOST)";
				FRAMEWORK_SEARCH_PATHS = (
					"$(SDKROOT)/Developer/Library/Frameworks",
					"$(inherited)",
				);
				INFOPLIST_FILE = InstagramTests/Info.plist;
				LD_RUNPATH_SEARCH_PATHS = "$(inherited) @executable_path/Frameworks @loader_path/Frameworks";
				PRODUCT_NAME = "$(TARGET_NAME)";
				TEST_HOST = "$(BUILT_PRODUCTS_DIR)/Instagram.app/Instagram";
			};
			name = Release;
		};
/* End XCBuildConfiguration section */

/* Begin XCConfigurationList section */
		F96E98501B375F8300E45990 /* Build configuration list for PBXProject "Instagram" */ = {
			isa = XCConfigurationList;
			buildConfigurations = (
				F96E98721B375F8300E45990 /* Debug */,
				F96E98731B375F8300E45990 /* Release */,
			);
			defaultConfigurationIsVisible = 0;
			defaultConfigurationName = Release;
		};
		F96E98741B375F8300E45990 /* Build configuration list for PBXNativeTarget "Instagram" */ = {
			isa = XCConfigurationList;
			buildConfigurations = (
				F96E98751B375F8300E45990 /* Debug */,
				F96E98761B375F8300E45990 /* Release */,
			);
			defaultConfigurationIsVisible = 0;
			defaultConfigurationName = Release;
		};
		F96E98771B375F8300E45990 /* Build configuration list for PBXNativeTarget "InstagramTests" */ = {
			isa = XCConfigurationList;
			buildConfigurations = (
				F96E98781B375F8300E45990 /* Debug */,
				F96E98791B375F8300E45990 /* Release */,
			);
			defaultConfigurationIsVisible = 0;
			defaultConfigurationName = Release;
		};
/* End XCConfigurationList section */
	};
	rootObject = F96E984D1B375F8300E45990 /* Project object */;
}
